{
  "version": 4,
  "terraform_version": "1.12.2",
  "serial": 96,
  "lineage": "7c1e9a5a-9c72-10ce-bb97-d1bd606450e7",
  "outputs": {
    "api_gateway_url": {
      "value": "https://7968q3waxk.execute-api.eu-west-1.amazonaws.com/dev",
      "type": "string"
    },
    "deployment_summary": {
      "value": {
        "api_url": "https://7968q3waxk.execute-api.eu-west-1.amazonaws.com/dev",
        "bucket_name": "nutria-nutrition-data-dev-adcd61bb0cdcd880",
        "ecs_cluster": "nutria-cluster-adcd61bb0cdcd880",
        "environment": "dev",
        "optimizer_service": "Fargate",
        "project_name": "nutria",
        "region": "eu-west-1",
        "targets_service": "Lambda"
      },
      "type": [
        "object",
        {
          "api_url": "string",
          "bucket_name": "string",
          "ecs_cluster": "string",
          "environment": "string",
          "optimizer_service": "string",
          "project_name": "string",
          "region": "string",
          "targets_service": "string"
        }
      ]
    },
    "ecr_repository_url": {
      "value": "539247448895.dkr.ecr.eu-west-1.amazonaws.com/nutria/meal-optimizer",
      "type": "string"
    },
    "fargate_alb_url": {
      "value": "http://nutria-alb-adcd61-970243738.eu-west-1.elb.amazonaws.com",
      "type": "string"
    },
    "optimizer_endpoint": {
      "value": "https://7968q3waxk.execute-api.eu-west-1.amazonaws.com/dev/optimize",
      "type": "string"
    },
    "s3_bucket_name": {
      "value": "nutria-nutrition-data-dev-adcd61bb0cdcd880",
      "type": "string"
    },
    "targets_endpoint": {
      "value": "https://7968q3waxk.execute-api.eu-west-1.amazonaws.com/dev/targets",
      "type": "string"
    }
  },
  "resources": [
    {
      "mode": "data",
      "type": "archive_file",
      "name": "targets_lambda_zip",
      "provider": "provider[\"registry.terraform.io/hashicorp/archive\"]",
      "instances": [
        {
          "schema_version": 0,
          "attributes": {
            "exclude_symlink_directories": null,
            "excludes": null,
            "id": "b915bc03dfaf63be11ddc7f0463ef78f929ab86f",
            "output_base64sha256": "1Y+L37N9hxvpweatXMsIZ7sUKurxdWH9TfFDONuIrIM=",
            "output_base64sha512": "ZPolsJk9UOyzJk3Pfuny0gdDQU9EF9ibkqrTCzSPDpdYcvixX7o9KwBxpCjuR29/Efs9UgnKIJbAxPIVMTfofQ==",
            "output_file_mode": null,
            "output_md5": "77c25af7e5d9220959a19cce3a1f60b9",
            "output_path": "builds/targets_lambda.zip",
            "output_sha": "b915bc03dfaf63be11ddc7f0463ef78f929ab86f",
            "output_sha256": "d58f8bdfb37d871be9c1e6ad5ccb0867bb142aeaf17561fd4df14338db88ac83",
            "output_sha512": "64fa25b0993d50ecb3264dcf7ee9f2d20743414f4417d89b92aad30b348f0e975872f8b15fba3d2b0071a428ee476f7f11fb3d5209ca2096c0c4f2153137e87d",
            "output_size": 1641,
            "source": [],
            "source_content": null,
            "source_content_filename": null,
            "source_dir": "lambda_functions/targets",
            "source_file": null,
            "type": "zip"
          },
          "sensitive_attributes": [],
          "identity_schema_version": 0
        }
      ]
    },
    {
      "mode": "data",
      "type": "aws_availability_zones",
      "name": "available",
      "provider": "provider[\"registry.terraform.io/hashicorp/aws\"]",
      "instances": [
        {
          "schema_version": 0,
          "attributes": {
            "all_availability_zones": null,
            "exclude_names": null,
            "exclude_zone_ids": null,
            "filter": null,
            "group_names": [
              "eu-west-1-zg-1"
            ],
            "id": "eu-west-1",
            "names": [
              "eu-west-1a",
              "eu-west-1b",
              "eu-west-1c"
            ],
            "state": "available",
            "timeouts": null,
            "zone_ids": [
              "euw1-az3",
              "euw1-az1",
              "euw1-az2"
            ]
          },
          "sensitive_attributes": [],
          "identity_schema_version": 0
        }
      ]
    },
    {
      "mode": "data",
      "type": "aws_caller_identity",
      "name": "current",
      "provider": "provider[\"registry.terraform.io/hashicorp/aws\"]",
      "instances": [
        {
          "schema_version": 0,
          "attributes": {
            "account_id": "539247448895",
            "arn": "arn:aws:iam::539247448895:user/tmorel-cli-user",
            "id": "539247448895",
            "user_id": "AIDAX3DNHCM72FB4LG6H3"
          },
          "sensitive_attributes": [],
          "identity_schema_version": 0
        }
      ]
    },
    {
      "mode": "data",
      "type": "aws_region",
      "name": "current",
      "provider": "provider[\"registry.terraform.io/hashicorp/aws\"]",
      "instances": [
        {
          "schema_version": 0,
          "attributes": {
            "description": "Europe (Ireland)",
            "endpoint": "ec2.eu-west-1.amazonaws.com",
            "id": "eu-west-1",
            "name": "eu-west-1"
          },
          "sensitive_attributes": [],
          "identity_schema_version": 0
        }
      ]
    },
    {
      "mode": "managed",
      "type": "aws_api_gateway_deployment",
      "name": "nutrition_api_deployment",
      "provider": "provider[\"registry.terraform.io/hashicorp/aws\"]",
      "instances": [
        {
          "schema_version": 0,
          "attributes": {
            "canary_settings": [],
            "created_date": "2025-07-19T06:03:21Z",
            "description": "",
            "execution_arn": "arn:aws:execute-api:eu-west-1:539247448895:7968q3waxk/",
            "id": "pcqgzc",
            "invoke_url": "https://7968q3waxk.execute-api.eu-west-1.amazonaws.com/",
            "rest_api_id": "7968q3waxk",
            "stage_description": null,
            "stage_name": null,
            "triggers": {
              "redeployment": "b83a39ce6b5265c75257c1f08191746ca18ef69a"
            },
            "variables": null
          },
          "sensitive_attributes": [],
          "identity_schema_version": 0,
          "private": "bnVsbA==",
          "dependencies": [
            "aws_api_gateway_integration.compute_targets_integration",
            "aws_api_gateway_integration.meal_optimizer_integration",
            "aws_api_gateway_method.compute_targets_method",
            "aws_api_gateway_method.meal_optimizer_method",
            "aws_api_gateway_resource.compute_targets_resource",
            "aws_api_gateway_resource.meal_optimizer_resource",
            "aws_api_gateway_rest_api.nutrition_api",
            "aws_cloudwatch_log_group.compute_targets_logs",
            "aws_iam_role.lambda_execution_role",
            "aws_iam_role_policy_attachment.lambda_basic_execution",
            "aws_lambda_function.compute_targets",
            "aws_lambda_layer_version.targets_layer",
            "aws_lb.nutria_alb",
            "aws_security_group.fargate_sg",
            "aws_subnet.public",
            "aws_vpc.nutria_vpc",
            "data.archive_file.targets_lambda_zip",
            "data.aws_availability_zones.available",
            "null_resource.create_dirs",
            "random_id.bucket_suffix"
          ],
          "create_before_destroy": true
        }
      ]
    },
    {
      "mode": "managed",
      "type": "aws_api_gateway_integration",
      "name": "compute_targets_integration",
      "provider": "provider[\"registry.terraform.io/hashicorp/aws\"]",
      "instances": [
        {
          "schema_version": 0,
          "attributes": {
            "cache_key_parameters": [],
            "cache_namespace": "rbojr5",
            "connection_id": "",
            "connection_type": "INTERNET",
            "content_handling": "",
            "credentials": "",
            "http_method": "POST",
            "id": "agi-7968q3waxk-rbojr5-POST",
            "integration_http_method": "POST",
            "passthrough_behavior": "WHEN_NO_MATCH",
            "request_parameters": {},
            "request_templates": {},
            "resource_id": "rbojr5",
            "rest_api_id": "7968q3waxk",
            "timeout_milliseconds": 29000,
            "tls_config": [],
            "type": "AWS_PROXY",
            "uri": "arn:aws:apigateway:eu-west-1:lambda:path/2015-03-31/functions/arn:aws:lambda:eu-west-1:539247448895:function:nutria-compute-targets-adcd61bb0cdcd880/invocations"
          },
          "sensitive_attributes": [],
          "identity_schema_version": 0,
          "private": "bnVsbA==",
          "dependencies": [
            "aws_api_gateway_method.compute_targets_method",
            "aws_api_gateway_resource.compute_targets_resource",
            "aws_api_gateway_rest_api.nutrition_api",
            "aws_cloudwatch_log_group.compute_targets_logs",
            "aws_iam_role.lambda_execution_role",
            "aws_iam_role_policy_attachment.lambda_basic_execution",
            "aws_lambda_function.compute_targets",
            "aws_lambda_layer_version.targets_layer",
            "data.archive_file.targets_lambda_zip",
            "null_resource.create_dirs",
            "random_id.bucket_suffix"
          ],
          "create_before_destroy": true
        }
      ]
    },
    {
      "mode": "managed",
      "type": "aws_api_gateway_integration",
      "name": "meal_optimizer_integration",
      "provider": "provider[\"registry.terraform.io/hashicorp/aws\"]",
      "instances": [
        {
          "schema_version": 0,
          "attributes": {
            "cache_key_parameters": null,
            "cache_namespace": "lsd0w9",
            "connection_id": "",
            "connection_type": "INTERNET",
            "content_handling": "",
            "credentials": "",
            "http_method": "POST",
            "id": "agi-7968q3waxk-lsd0w9-POST",
            "integration_http_method": "POST",
            "passthrough_behavior": "WHEN_NO_MATCH",
            "request_parameters": null,
            "request_templates": null,
            "resource_id": "lsd0w9",
            "rest_api_id": "7968q3waxk",
            "timeout_milliseconds": 29000,
            "tls_config": [],
            "type": "HTTP_PROXY",
            "uri": "http://nutria-alb-adcd61-970243738.eu-west-1.elb.amazonaws.com/optimize"
          },
          "sensitive_attributes": [],
          "identity_schema_version": 0,
          "private": "bnVsbA==",
          "dependencies": [
            "aws_api_gateway_method.meal_optimizer_method",
            "aws_api_gateway_resource.meal_optimizer_resource",
            "aws_api_gateway_rest_api.nutrition_api",
            "aws_lb.nutria_alb",
            "aws_security_group.fargate_sg",
            "aws_subnet.public",
            "aws_vpc.nutria_vpc",
            "data.aws_availability_zones.available",
            "random_id.bucket_suffix"
          ],
          "create_before_destroy": true
        }
      ]
    },
    {
      "mode": "managed",
      "type": "aws_api_gateway_method",
      "name": "compute_targets_method",
      "provider": "provider[\"registry.terraform.io/hashicorp/aws\"]",
      "instances": [
        {
          "schema_version": 0,
          "attributes": {
            "api_key_required": false,
            "authorization": "NONE",
            "authorization_scopes": [],
            "authorizer_id": "",
            "http_method": "POST",
            "id": "agm-7968q3waxk-rbojr5-POST",
            "operation_name": "",
            "request_models": {},
            "request_parameters": {},
            "request_validator_id": "",
            "resource_id": "rbojr5",
            "rest_api_id": "7968q3waxk"
          },
          "sensitive_attributes": [],
          "identity_schema_version": 0,
          "private": "bnVsbA==",
          "dependencies": [
            "aws_api_gateway_resource.compute_targets_resource",
            "aws_api_gateway_rest_api.nutrition_api",
            "random_id.bucket_suffix"
          ],
          "create_before_destroy": true
        }
      ]
    },
    {
      "mode": "managed",
      "type": "aws_api_gateway_method",
      "name": "meal_optimizer_method",
      "provider": "provider[\"registry.terraform.io/hashicorp/aws\"]",
      "instances": [
        {
          "schema_version": 0,
          "attributes": {
            "api_key_required": false,
            "authorization": "NONE",
            "authorization_scopes": [],
            "authorizer_id": "",
            "http_method": "POST",
            "id": "agm-7968q3waxk-lsd0w9-POST",
            "operation_name": "",
            "request_models": {},
            "request_parameters": {},
            "request_validator_id": "",
            "resource_id": "lsd0w9",
            "rest_api_id": "7968q3waxk"
          },
          "sensitive_attributes": [],
          "identity_schema_version": 0,
          "private": "bnVsbA==",
          "dependencies": [
            "aws_api_gateway_resource.meal_optimizer_resource",
            "aws_api_gateway_rest_api.nutrition_api",
            "random_id.bucket_suffix"
          ],
          "create_before_destroy": true
        }
      ]
    },
    {
      "mode": "managed",
      "type": "aws_api_gateway_resource",
      "name": "compute_targets_resource",
      "provider": "provider[\"registry.terraform.io/hashicorp/aws\"]",
      "instances": [
        {
          "schema_version": 0,
          "attributes": {
            "id": "rbojr5",
            "parent_id": "4lq3eb50j2",
            "path": "/targets",
            "path_part": "targets",
            "rest_api_id": "7968q3waxk"
          },
          "sensitive_attributes": [],
          "identity_schema_version": 0,
          "private": "bnVsbA==",
          "dependencies": [
            "aws_api_gateway_rest_api.nutrition_api",
            "random_id.bucket_suffix"
          ],
          "create_before_destroy": true
        }
      ]
    },
    {
      "mode": "managed",
      "type": "aws_api_gateway_resource",
      "name": "meal_optimizer_resource",
      "provider": "provider[\"registry.terraform.io/hashicorp/aws\"]",
      "instances": [
        {
          "schema_version": 0,
          "attributes": {
            "id": "lsd0w9",
            "parent_id": "4lq3eb50j2",
            "path": "/optimize",
            "path_part": "optimize",
            "rest_api_id": "7968q3waxk"
          },
          "sensitive_attributes": [],
          "identity_schema_version": 0,
          "private": "bnVsbA==",
          "dependencies": [
            "aws_api_gateway_rest_api.nutrition_api",
            "random_id.bucket_suffix"
          ],
          "create_before_destroy": true
        }
      ]
    },
    {
      "mode": "managed",
      "type": "aws_api_gateway_rest_api",
      "name": "nutrition_api",
      "provider": "provider[\"registry.terraform.io/hashicorp/aws\"]",
      "instances": [
        {
          "schema_version": 0,
          "attributes": {
            "api_key_source": "HEADER",
            "arn": "arn:aws:apigateway:eu-west-1::/restapis/7968q3waxk",
            "binary_media_types": [],
            "body": null,
            "created_date": "2025-07-19T04:47:08Z",
            "description": "Hybrid API: Lambda targets + Fargate optimization",
            "disable_execute_api_endpoint": false,
            "endpoint_configuration": [
              {
                "ip_address_type": "ipv4",
                "types": [
                  "REGIONAL"
                ],
                "vpc_endpoint_ids": []
              }
            ],
            "execution_arn": "arn:aws:execute-api:eu-west-1:539247448895:7968q3waxk",
            "fail_on_warnings": null,
            "id": "7968q3waxk",
            "minimum_compression_size": "",
            "name": "nutria-api-adcd61bb0cdcd880",
            "parameters": null,
            "policy": "",
            "put_rest_api_mode": null,
            "root_resource_id": "4lq3eb50j2",
            "tags": {
              "Environment": "dev",
              "Name": "nutria-api"
            },
            "tags_all": {
              "Environment": "dev",
              "ManagedBy": "terraform",
              "Name": "nutria-api",
              "Project": "nutria",
              "Region": "eu-west-1"
            }
          },
          "sensitive_attributes": [],
          "identity_schema_version": 0,
          "private": "bnVsbA==",
          "dependencies": [
            "random_id.bucket_suffix"
          ],
          "create_before_destroy": true
        }
      ]
    },
    {
      "mode": "managed",
      "type": "aws_api_gateway_stage",
      "name": "nutrition_api_stage",
      "provider": "provider[\"registry.terraform.io/hashicorp/aws\"]",
      "instances": [
        {
          "schema_version": 0,
          "attributes": {
            "access_log_settings": [],
            "arn": "arn:aws:apigateway:eu-west-1::/restapis/7968q3waxk/stages/dev",
            "cache_cluster_enabled": false,
            "cache_cluster_size": "",
            "canary_settings": [],
            "client_certificate_id": "",
            "deployment_id": "pcqgzc",
            "description": "",
            "documentation_version": "",
            "execution_arn": "arn:aws:execute-api:eu-west-1:539247448895:7968q3waxk/dev",
            "id": "ags-7968q3waxk-dev",
            "invoke_url": "https://7968q3waxk.execute-api.eu-west-1.amazonaws.com/dev",
            "rest_api_id": "7968q3waxk",
            "stage_name": "dev",
            "tags": null,
            "tags_all": {
              "Environment": "dev",
              "ManagedBy": "terraform",
              "Project": "nutria",
              "Region": "eu-west-1"
            },
            "variables": null,
            "web_acl_arn": "",
            "xray_tracing_enabled": false
          },
          "sensitive_attributes": [],
          "identity_schema_version": 0,
          "private": "bnVsbA==",
          "dependencies": [
            "aws_api_gateway_deployment.nutrition_api_deployment",
            "aws_api_gateway_integration.compute_targets_integration",
            "aws_api_gateway_integration.meal_optimizer_integration",
            "aws_api_gateway_method.compute_targets_method",
            "aws_api_gateway_method.meal_optimizer_method",
            "aws_api_gateway_resource.compute_targets_resource",
            "aws_api_gateway_resource.meal_optimizer_resource",
            "aws_api_gateway_rest_api.nutrition_api",
            "aws_cloudwatch_log_group.compute_targets_logs",
            "aws_iam_role.lambda_execution_role",
            "aws_iam_role_policy_attachment.lambda_basic_execution",
            "aws_lambda_function.compute_targets",
            "aws_lambda_layer_version.targets_layer",
            "aws_lb.nutria_alb",
            "aws_security_group.fargate_sg",
            "aws_subnet.public",
            "aws_vpc.nutria_vpc",
            "data.archive_file.targets_lambda_zip",
            "data.aws_availability_zones.available",
            "null_resource.create_dirs",
            "random_id.bucket_suffix"
          ]
        }
      ]
    },
    {
      "mode": "managed",
      "type": "aws_appautoscaling_policy",
      "name": "ecs_policy",
      "provider": "provider[\"registry.terraform.io/hashicorp/aws\"]",
      "instances": [
        {
          "schema_version": 0,
          "attributes": {
            "alarm_arns": [
              "arn:aws:cloudwatch:eu-west-1:539247448895:alarm:TargetTracking-service/nutria-cluster-adcd61bb0cdcd880/nutria-meal-optimizer-service-AlarmHigh-2a1af2a6-21e9-4f15-ad56-81fa874931bd",
              "arn:aws:cloudwatch:eu-west-1:539247448895:alarm:TargetTracking-service/nutria-cluster-adcd61bb0cdcd880/nutria-meal-optimizer-service-AlarmLow-88a2338a-8116-49e3-9335-45829c9fe529"
            ],
            "arn": "arn:aws:autoscaling:eu-west-1:539247448895:scalingPolicy:a64d4925-ac36-4126-a21c-8634f19af0f7:resource/ecs/service/nutria-cluster-adcd61bb0cdcd880/nutria-meal-optimizer-service:policyName/nutria-scaling-policy",
            "id": "nutria-scaling-policy",
            "name": "nutria-scaling-policy",
            "policy_type": "TargetTrackingScaling",
            "resource_id": "service/nutria-cluster-adcd61bb0cdcd880/nutria-meal-optimizer-service",
            "scalable_dimension": "ecs:service:DesiredCount",
            "service_namespace": "ecs",
            "step_scaling_policy_configuration": [],
            "target_tracking_scaling_policy_configuration": [
              {
                "customized_metric_specification": [],
                "disable_scale_in": false,
                "predefined_metric_specification": [
                  {
                    "predefined_metric_type": "ECSServiceAverageCPUUtilization",
                    "resource_label": ""
                  }
                ],
                "scale_in_cooldown": 0,
                "scale_out_cooldown": 0,
                "target_value": 70
              }
            ]
          },
          "sensitive_attributes": [],
          "identity_schema_version": 0,
          "private": "bnVsbA==",
          "dependencies": [
            "aws_appautoscaling_target.ecs_target",
            "aws_ecr_repository.meal_optimizer",
            "aws_ecs_cluster.nutria_cluster",
            "aws_ecs_service.meal_optimizer",
            "aws_ecs_task_definition.meal_optimizer",
            "aws_iam_role.ecs_execution_role",
            "aws_iam_role.ecs_task_role",
            "aws_lb.nutria_alb",
            "aws_lb_listener.nutria_listener",
            "aws_lb_target_group.meal_optimizer_tg",
            "aws_s3_bucket.nutrition_data",
            "aws_security_group.fargate_sg",
            "aws_subnet.public",
            "aws_vpc.nutria_vpc",
            "data.aws_availability_zones.available",
            "random_id.bucket_suffix"
          ]
        }
      ]
    },
    {
      "mode": "managed",
      "type": "aws_appautoscaling_target",
      "name": "ecs_target",
      "provider": "provider[\"registry.terraform.io/hashicorp/aws\"]",
      "instances": [
        {
          "schema_version": 0,
          "attributes": {
            "arn": "arn:aws:application-autoscaling:eu-west-1:539247448895:scalable-target/0ec5a64d4925ac364126a21c8634f19af0f7",
            "id": "service/nutria-cluster-adcd61bb0cdcd880/nutria-meal-optimizer-service",
            "max_capacity": 10,
            "min_capacity": 0,
            "resource_id": "service/nutria-cluster-adcd61bb0cdcd880/nutria-meal-optimizer-service",
            "role_arn": "arn:aws:iam::539247448895:role/aws-service-role/ecs.application-autoscaling.amazonaws.com/AWSServiceRoleForApplicationAutoScaling_ECSService",
            "scalable_dimension": "ecs:service:DesiredCount",
            "service_namespace": "ecs",
            "suspended_state": [
              {
                "dynamic_scaling_in_suspended": false,
                "dynamic_scaling_out_suspended": false,
                "scheduled_scaling_suspended": false
              }
            ],
            "tags": null,
            "tags_all": {
              "Environment": "dev",
              "ManagedBy": "terraform",
              "Project": "nutria",
              "Region": "eu-west-1"
            }
          },
          "sensitive_attributes": [],
          "identity_schema_version": 0,
          "private": "bnVsbA==",
          "dependencies": [
            "aws_ecr_repository.meal_optimizer",
            "aws_ecs_cluster.nutria_cluster",
            "aws_ecs_service.meal_optimizer",
            "aws_ecs_task_definition.meal_optimizer",
            "aws_iam_role.ecs_execution_role",
            "aws_iam_role.ecs_task_role",
            "aws_lb.nutria_alb",
            "aws_lb_listener.nutria_listener",
            "aws_lb_target_group.meal_optimizer_tg",
            "aws_s3_bucket.nutrition_data",
            "aws_security_group.fargate_sg",
            "aws_subnet.public",
            "aws_vpc.nutria_vpc",
            "data.aws_availability_zones.available",
            "random_id.bucket_suffix"
          ]
        }
      ]
    },
    {
      "mode": "managed",
      "type": "aws_cloudwatch_log_group",
      "name": "compute_targets_logs",
      "provider": "provider[\"registry.terraform.io/hashicorp/aws\"]",
      "instances": [
        {
          "schema_version": 0,
          "attributes": {
            "arn": "arn:aws:logs:eu-west-1:539247448895:log-group:/aws/lambda/nutria-compute-targets-adcd61bb0cdcd880",
            "id": "/aws/lambda/nutria-compute-targets-adcd61bb0cdcd880",
            "kms_key_id": "",
            "log_group_class": "STANDARD",
            "name": "/aws/lambda/nutria-compute-targets-adcd61bb0cdcd880",
            "name_prefix": "",
            "retention_in_days": 14,
            "skip_destroy": false,
            "tags": {
              "Environment": "dev",
              "Project": "nutria"
            },
            "tags_all": {
              "Environment": "dev",
              "ManagedBy": "terraform",
              "Project": "nutria",
              "Region": "eu-west-1"
            }
          },
          "sensitive_attributes": [],
          "identity_schema_version": 0,
          "private": "bnVsbA==",
          "dependencies": [
            "random_id.bucket_suffix"
          ],
          "create_before_destroy": true
        }
      ]
    },
    {
      "mode": "managed",
      "type": "aws_cloudwatch_log_group",
      "name": "ecs_logs",
      "provider": "provider[\"registry.terraform.io/hashicorp/aws\"]",
      "instances": [
        {
          "schema_version": 0,
          "attributes": {
            "arn": "arn:aws:logs:eu-west-1:539247448895:log-group:/ecs/nutria-meal-optimizer",
            "id": "/ecs/nutria-meal-optimizer",
            "kms_key_id": "",
            "log_group_class": "STANDARD",
            "name": "/ecs/nutria-meal-optimizer",
            "name_prefix": "",
            "retention_in_days": 14,
            "skip_destroy": false,
            "tags": {
              "Environment": "dev",
              "Project": "nutria"
            },
            "tags_all": {
              "Environment": "dev",
              "ManagedBy": "terraform",
              "Project": "nutria",
              "Region": "eu-west-1"
            }
          },
          "sensitive_attributes": [],
          "identity_schema_version": 0,
          "private": "bnVsbA=="
        }
      ]
    },
    {
      "mode": "managed",
      "type": "aws_ecr_repository",
      "name": "meal_optimizer",
      "provider": "provider[\"registry.terraform.io/hashicorp/aws\"]",
      "instances": [
        {
          "schema_version": 0,
          "attributes": {
            "arn": "arn:aws:ecr:eu-west-1:539247448895:repository/nutria/meal-optimizer",
            "encryption_configuration": [
              {
                "encryption_type": "AES256",
                "kms_key": ""
              }
            ],
            "force_delete": null,
            "id": "nutria/meal-optimizer",
            "image_scanning_configuration": [
              {
                "scan_on_push": true
              }
            ],
            "image_tag_mutability": "MUTABLE",
            "name": "nutria/meal-optimizer",
            "registry_id": "539247448895",
            "repository_url": "539247448895.dkr.ecr.eu-west-1.amazonaws.com/nutria/meal-optimizer",
            "tags": {
              "Environment": "dev",
              "Name": "nutria-meal-optimizer-repo"
            },
            "tags_all": {
              "Environment": "dev",
              "ManagedBy": "terraform",
              "Name": "nutria-meal-optimizer-repo",
              "Project": "nutria",
              "Region": "eu-west-1"
            },
            "timeouts": null
          },
          "sensitive_attributes": [],
          "identity_schema_version": 0,
          "private": "eyJlMmJmYjczMC1lY2FhLTExZTYtOGY4OC0zNDM2M2JjN2M0YzAiOnsiZGVsZXRlIjoxMjAwMDAwMDAwMDAwfX0="
        }
      ]
    },
    {
      "mode": "managed",
      "type": "aws_ecs_cluster",
      "name": "nutria_cluster",
      "provider": "provider[\"registry.terraform.io/hashicorp/aws\"]",
      "instances": [
        {
          "schema_version": 0,
          "attributes": {
            "arn": "arn:aws:ecs:eu-west-1:539247448895:cluster/nutria-cluster-adcd61bb0cdcd880",
            "configuration": [],
            "id": "arn:aws:ecs:eu-west-1:539247448895:cluster/nutria-cluster-adcd61bb0cdcd880",
            "name": "nutria-cluster-adcd61bb0cdcd880",
            "service_connect_defaults": [],
            "setting": [
              {
                "name": "containerInsights",
                "value": "enabled"
              }
            ],
            "tags": {
              "Name": "nutria-cluster"
            },
            "tags_all": {
              "Environment": "dev",
              "ManagedBy": "terraform",
              "Name": "nutria-cluster",
              "Project": "nutria",
              "Region": "eu-west-1"
            }
          },
          "sensitive_attributes": [],
          "identity_schema_version": 0,
          "private": "bnVsbA==",
          "dependencies": [
            "random_id.bucket_suffix"
          ]
        }
      ]
    },
    {
      "mode": "managed",
      "type": "aws_ecs_service",
      "name": "meal_optimizer",
      "provider": "provider[\"registry.terraform.io/hashicorp/aws\"]",
      "instances": [
        {
          "schema_version": 1,
          "attributes": {
            "alarms": [],
            "availability_zone_rebalancing": "DISABLED",
            "capacity_provider_strategy": [
              {
                "base": null,
                "capacity_provider": "FARGATE",
                "weight": 100
              }
            ],
            "cluster": "arn:aws:ecs:eu-west-1:539247448895:cluster/nutria-cluster-adcd61bb0cdcd880",
            "deployment_circuit_breaker": [
              {
                "enable": false,
                "rollback": false
              }
            ],
            "deployment_controller": [
              {
                "type": "ECS"
              }
            ],
            "deployment_maximum_percent": 200,
            "deployment_minimum_healthy_percent": 100,
            "desired_count": 0,
            "enable_ecs_managed_tags": false,
            "enable_execute_command": false,
            "force_delete": null,
            "force_new_deployment": null,
            "health_check_grace_period_seconds": 0,
            "iam_role": "/aws-service-role/ecs.amazonaws.com/AWSServiceRoleForECS",
            "id": "arn:aws:ecs:eu-west-1:539247448895:service/nutria-cluster-adcd61bb0cdcd880/nutria-meal-optimizer-service",
            "launch_type": "",
            "load_balancer": [
              {
                "container_name": "meal-optimizer",
                "container_port": 8080,
                "elb_name": "",
                "target_group_arn": "arn:aws:elasticloadbalancing:eu-west-1:539247448895:targetgroup/nutria-tg-adcd61/7061cfb66c8e9a3d"
              }
            ],
            "name": "nutria-meal-optimizer-service",
            "network_configuration": [
              {
                "assign_public_ip": true,
                "security_groups": [
                  "sg-0f1ac923426a024e9"
                ],
                "subnets": [
                  "subnet-036c30ab0588dd8cc",
                  "subnet-0fe556eb7dfbc4d2d"
                ]
              }
            ],
            "ordered_placement_strategy": [],
            "placement_constraints": [],
            "platform_version": "LATEST",
            "propagate_tags": "NONE",
            "scheduling_strategy": "REPLICA",
            "service_connect_configuration": [],
            "service_registries": [],
            "tags": {
              "Name": "nutria-meal-optimizer-service"
            },
            "tags_all": {
              "Environment": "dev",
              "ManagedBy": "terraform",
              "Name": "nutria-meal-optimizer-service",
              "Project": "nutria",
              "Region": "eu-west-1"
            },
            "task_definition": "arn:aws:ecs:eu-west-1:539247448895:task-definition/nutria-meal-optimizer:1",
            "timeouts": null,
            "triggers": {},
            "volume_configuration": [],
            "vpc_lattice_configurations": [],
            "wait_for_steady_state": false
          },
          "sensitive_attributes": [],
          "identity_schema_version": 0,
          "private": "eyJlMmJmYjczMC1lY2FhLTExZTYtOGY4OC0zNDM2M2JjN2M0YzAiOnsiY3JlYXRlIjoxMjAwMDAwMDAwMDAwLCJkZWxldGUiOjEyMDAwMDAwMDAwMDAsInVwZGF0ZSI6MTIwMDAwMDAwMDAwMH0sInNjaGVtYV92ZXJzaW9uIjoiMSJ9",
          "dependencies": [
            "aws_ecr_repository.meal_optimizer",
            "aws_ecs_cluster.nutria_cluster",
            "aws_ecs_task_definition.meal_optimizer",
            "aws_iam_role.ecs_execution_role",
            "aws_iam_role.ecs_task_role",
            "aws_lb.nutria_alb",
            "aws_lb_listener.nutria_listener",
            "aws_lb_target_group.meal_optimizer_tg",
            "aws_s3_bucket.nutrition_data",
            "aws_security_group.fargate_sg",
            "aws_subnet.public",
            "aws_vpc.nutria_vpc",
            "data.aws_availability_zones.available",
            "random_id.bucket_suffix"
          ]
        }
      ]
    },
    {
      "mode": "managed",
      "type": "aws_ecs_task_definition",
      "name": "meal_optimizer",
      "provider": "provider[\"registry.terraform.io/hashicorp/aws\"]",
      "instances": [
        {
          "schema_version": 1,
          "attributes": {
            "arn": "arn:aws:ecs:eu-west-1:539247448895:task-definition/nutria-meal-optimizer:1",
            "arn_without_revision": "arn:aws:ecs:eu-west-1:539247448895:task-definition/nutria-meal-optimizer",
            "container_definitions": "[{\"environment\":[{\"name\":\"AWS_DEFAULT_REGION\",\"value\":\"eu-west-1\"},{\"name\":\"CSV_FILE_KEY\",\"value\":\"data/products_names_with_macro_nutriments.csv\"},{\"name\":\"ENVIRONMENT\",\"value\":\"dev\"},{\"name\":\"S3_BUCKET_NAME\",\"value\":\"nutria-nutrition-data-dev-adcd61bb0cdcd880\"}],\"essential\":true,\"image\":\"539247448895.dkr.ecr.eu-west-1.amazonaws.com/nutria/meal-optimizer:latest\",\"logConfiguration\":{\"logDriver\":\"awslogs\",\"options\":{\"awslogs-group\":\"/ecs/nutria-meal-optimizer\",\"awslogs-region\":\"eu-west-1\",\"awslogs-stream-prefix\":\"ecs\"}},\"mountPoints\":[],\"name\":\"meal-optimizer\",\"portMappings\":[{\"containerPort\":8080,\"hostPort\":8080,\"protocol\":\"tcp\"}],\"systemControls\":[],\"volumesFrom\":[]}]",
            "cpu": "512",
            "enable_fault_injection": false,
            "ephemeral_storage": [],
            "execution_role_arn": "arn:aws:iam::539247448895:role/nutria-ecs-execution-role-adcd61bb0cdcd880",
            "family": "nutria-meal-optimizer",
            "id": "nutria-meal-optimizer",
            "inference_accelerator": [],
            "ipc_mode": "",
            "memory": "1024",
            "network_mode": "awsvpc",
            "pid_mode": "",
            "placement_constraints": [],
            "proxy_configuration": [],
            "requires_compatibilities": [
              "FARGATE"
            ],
            "revision": 1,
            "runtime_platform": [],
            "skip_destroy": false,
            "tags": {
              "Name": "nutria-meal-optimizer-task"
            },
            "tags_all": {
              "Environment": "dev",
              "ManagedBy": "terraform",
              "Name": "nutria-meal-optimizer-task",
              "Project": "nutria",
              "Region": "eu-west-1"
            },
            "task_role_arn": "arn:aws:iam::539247448895:role/nutria-ecs-task-role-adcd61bb0cdcd880",
            "track_latest": false,
            "volume": []
          },
          "sensitive_attributes": [],
          "identity_schema_version": 0,
          "private": "eyJzY2hlbWFfdmVyc2lvbiI6IjEifQ==",
          "dependencies": [
            "aws_ecr_repository.meal_optimizer",
            "aws_iam_role.ecs_execution_role",
            "aws_iam_role.ecs_task_role",
            "aws_s3_bucket.nutrition_data",
            "random_id.bucket_suffix"
          ]
        }
      ]
    },
    {
      "mode": "managed",
      "type": "aws_iam_role",
      "name": "ecs_execution_role",
      "provider": "provider[\"registry.terraform.io/hashicorp/aws\"]",
      "instances": [
        {
          "schema_version": 0,
          "attributes": {
            "arn": "arn:aws:iam::539247448895:role/nutria-ecs-execution-role-adcd61bb0cdcd880",
            "assume_role_policy": "{\"Statement\":[{\"Action\":\"sts:AssumeRole\",\"Effect\":\"Allow\",\"Principal\":{\"Service\":\"ecs-tasks.amazonaws.com\"}}],\"Version\":\"2012-10-17\"}",
            "create_date": "2025-07-19T05:59:26Z",
            "description": "",
            "force_detach_policies": false,
            "id": "nutria-ecs-execution-role-adcd61bb0cdcd880",
            "inline_policy": [],
            "managed_policy_arns": [],
            "max_session_duration": 3600,
            "name": "nutria-ecs-execution-role-adcd61bb0cdcd880",
            "name_prefix": "",
            "path": "/",
            "permissions_boundary": "",
            "tags": null,
            "tags_all": {
              "Environment": "dev",
              "ManagedBy": "terraform",
              "Project": "nutria",
              "Region": "eu-west-1"
            },
            "unique_id": "AROAX3DNHCM72TYFHER4H"
          },
          "sensitive_attributes": [],
          "identity_schema_version": 0,
          "private": "bnVsbA==",
          "dependencies": [
            "random_id.bucket_suffix"
          ]
        }
      ]
    },
    {
      "mode": "managed",
      "type": "aws_iam_role",
      "name": "ecs_task_role",
      "provider": "provider[\"registry.terraform.io/hashicorp/aws\"]",
      "instances": [
        {
          "schema_version": 0,
          "attributes": {
            "arn": "arn:aws:iam::539247448895:role/nutria-ecs-task-role-adcd61bb0cdcd880",
            "assume_role_policy": "{\"Statement\":[{\"Action\":\"sts:AssumeRole\",\"Effect\":\"Allow\",\"Principal\":{\"Service\":\"ecs-tasks.amazonaws.com\"}}],\"Version\":\"2012-10-17\"}",
            "create_date": "2025-07-19T05:59:26Z",
            "description": "",
            "force_detach_policies": false,
            "id": "nutria-ecs-task-role-adcd61bb0cdcd880",
            "inline_policy": [],
            "managed_policy_arns": [],
            "max_session_duration": 3600,
            "name": "nutria-ecs-task-role-adcd61bb0cdcd880",
            "name_prefix": "",
            "path": "/",
            "permissions_boundary": "",
            "tags": null,
            "tags_all": {
              "Environment": "dev",
              "ManagedBy": "terraform",
              "Project": "nutria",
              "Region": "eu-west-1"
            },
            "unique_id": "AROAX3DNHCM77ODMPYBCM"
          },
          "sensitive_attributes": [],
          "identity_schema_version": 0,
          "private": "bnVsbA==",
          "dependencies": [
            "random_id.bucket_suffix"
          ]
        }
      ]
    },
    {
      "mode": "managed",
      "type": "aws_iam_role",
      "name": "lambda_execution_role",
      "provider": "provider[\"registry.terraform.io/hashicorp/aws\"]",
      "instances": [
        {
          "schema_version": 0,
          "attributes": {
            "arn": "arn:aws:iam::539247448895:role/nutria-lambda-execution-role-adcd61bb0cdcd880",
            "assume_role_policy": "{\"Statement\":[{\"Action\":\"sts:AssumeRole\",\"Effect\":\"Allow\",\"Principal\":{\"Service\":\"lambda.amazonaws.com\"}}],\"Version\":\"2012-10-17\"}",
            "create_date": "2025-07-19T04:47:08Z",
            "description": "",
            "force_detach_policies": false,
            "id": "nutria-lambda-execution-role-adcd61bb0cdcd880",
            "inline_policy": [
              {
                "name": "nutria-lambda-s3-policy-adcd61bb0cdcd880",
                "policy": "{\"Version\":\"2012-10-17\",\"Statement\":[{\"Action\":[\"s3:GetObject\",\"s3:ListBucket\"],\"Effect\":\"Allow\",\"Resource\":[\"arn:aws:s3:::nutria-nutrition-data-dev-adcd61bb0cdcd880\",\"arn:aws:s3:::nutria-nutrition-data-dev-adcd61bb0cdcd880/*\"]}]}"
              }
            ],
            "managed_policy_arns": [
              "arn:aws:iam::aws:policy/service-role/AWSLambdaBasicExecutionRole"
            ],
            "max_session_duration": 3600,
            "name": "nutria-lambda-execution-role-adcd61bb0cdcd880",
            "name_prefix": "",
            "path": "/",
            "permissions_boundary": "",
            "tags": {},
            "tags_all": {
              "Environment": "dev",
              "ManagedBy": "terraform",
              "Project": "nutria",
              "Region": "eu-west-1"
            },
            "unique_id": "AROAX3DNHCM7RHIWPEBEN"
          },
          "sensitive_attributes": [],
          "identity_schema_version": 0,
          "private": "bnVsbA==",
          "dependencies": [
            "random_id.bucket_suffix"
          ],
          "create_before_destroy": true
        }
      ]
    },
    {
      "mode": "managed",
      "type": "aws_iam_role_policy",
      "name": "ecs_task_s3_policy",
      "provider": "provider[\"registry.terraform.io/hashicorp/aws\"]",
      "instances": [
        {
          "schema_version": 0,
          "attributes": {
            "id": "nutria-ecs-task-role-adcd61bb0cdcd880:nutria-ecs-s3-policy-adcd61bb0cdcd880",
            "name": "nutria-ecs-s3-policy-adcd61bb0cdcd880",
            "name_prefix": "",
            "policy": "{\"Version\":\"2012-10-17\",\"Statement\":[{\"Action\":[\"s3:GetObject\",\"s3:ListBucket\"],\"Effect\":\"Allow\",\"Resource\":[\"arn:aws:s3:::nutria-nutrition-data-dev-adcd61bb0cdcd880\",\"arn:aws:s3:::nutria-nutrition-data-dev-adcd61bb0cdcd880/*\"]}]}",
            "role": "nutria-ecs-task-role-adcd61bb0cdcd880"
          },
          "sensitive_attributes": [],
          "identity_schema_version": 0,
          "private": "bnVsbA==",
          "dependencies": [
            "aws_iam_role.ecs_task_role",
            "aws_s3_bucket.nutrition_data",
            "random_id.bucket_suffix"
          ]
        }
      ]
    },
    {
      "mode": "managed",
      "type": "aws_iam_role_policy_attachment",
      "name": "ecs_execution_role_policy",
      "provider": "provider[\"registry.terraform.io/hashicorp/aws\"]",
      "instances": [
        {
          "schema_version": 0,
          "attributes": {
            "id": "nutria-ecs-execution-role-adcd61bb0cdcd880-20250719055926830900000001",
            "policy_arn": "arn:aws:iam::aws:policy/service-role/AmazonECSTaskExecutionRolePolicy",
            "role": "nutria-ecs-execution-role-adcd61bb0cdcd880"
          },
          "sensitive_attributes": [],
          "identity_schema_version": 0,
          "private": "bnVsbA==",
          "dependencies": [
            "aws_iam_role.ecs_execution_role",
            "random_id.bucket_suffix"
          ]
        }
      ]
    },
    {
      "mode": "managed",
      "type": "aws_iam_role_policy_attachment",
      "name": "lambda_basic_execution",
      "provider": "provider[\"registry.terraform.io/hashicorp/aws\"]",
      "instances": [
        {
          "schema_version": 0,
          "attributes": {
            "id": "nutria-lambda-execution-role-adcd61bb0cdcd880-20250719044708582200000001",
            "policy_arn": "arn:aws:iam::aws:policy/service-role/AWSLambdaBasicExecutionRole",
            "role": "nutria-lambda-execution-role-adcd61bb0cdcd880"
          },
          "sensitive_attributes": [],
          "identity_schema_version": 0,
          "private": "bnVsbA==",
          "dependencies": [
            "aws_iam_role.lambda_execution_role",
            "random_id.bucket_suffix"
          ],
          "create_before_destroy": true
        }
      ]
    },
    {
      "mode": "managed",
      "type": "aws_internet_gateway",
      "name": "nutria_igw",
      "provider": "provider[\"registry.terraform.io/hashicorp/aws\"]",
      "instances": [
        {
          "schema_version": 0,
          "attributes": {
            "arn": "arn:aws:ec2:eu-west-1:539247448895:internet-gateway/igw-07fdd0f72c0d5ff75",
            "id": "igw-07fdd0f72c0d5ff75",
            "owner_id": "539247448895",
            "tags": {
              "Name": "nutria-igw"
            },
            "tags_all": {
              "Environment": "dev",
              "ManagedBy": "terraform",
              "Name": "nutria-igw",
              "Project": "nutria",
              "Region": "eu-west-1"
            },
            "timeouts": null,
            "vpc_id": "vpc-0cf55e4796f8a3b0e"
          },
          "sensitive_attributes": [],
          "identity_schema_version": 0,
          "private": "eyJlMmJmYjczMC1lY2FhLTExZTYtOGY4OC0zNDM2M2JjN2M0YzAiOnsiY3JlYXRlIjoxMjAwMDAwMDAwMDAwLCJkZWxldGUiOjEyMDAwMDAwMDAwMDAsInVwZGF0ZSI6MTIwMDAwMDAwMDAwMH19",
          "dependencies": [
            "aws_vpc.nutria_vpc"
          ]
        }
      ]
    },
    {
      "mode": "managed",
      "type": "aws_lambda_function",
      "name": "compute_targets",
      "provider": "provider[\"registry.terraform.io/hashicorp/aws\"]",
      "instances": [
        {
          "schema_version": 0,
          "attributes": {
            "architectures": [
              "x86_64"
            ],
            "arn": "arn:aws:lambda:eu-west-1:539247448895:function:nutria-compute-targets-adcd61bb0cdcd880",
            "code_sha256": "1Y+L37N9hxvpweatXMsIZ7sUKurxdWH9TfFDONuIrIM=",
            "code_signing_config_arn": "",
            "dead_letter_config": [],
            "description": "",
            "environment": [
              {
                "variables": {
                  "ENVIRONMENT": "dev"
                }
              }
            ],
            "ephemeral_storage": [
              {
                "size": 512
              }
            ],
            "file_system_config": [],
            "filename": "builds/targets_lambda.zip",
            "function_name": "nutria-compute-targets-adcd61bb0cdcd880",
            "handler": "lambda_function.computeTargets",
            "id": "nutria-compute-targets-adcd61bb0cdcd880",
            "image_config": [],
            "image_uri": "",
            "invoke_arn": "arn:aws:apigateway:eu-west-1:lambda:path/2015-03-31/functions/arn:aws:lambda:eu-west-1:539247448895:function:nutria-compute-targets-adcd61bb0cdcd880/invocations",
            "kms_key_arn": "",
            "last_modified": "2025-07-19T04:47:15.483+0000",
            "layers": [
              "arn:aws:lambda:eu-west-1:539247448895:layer:nutria-targets-utilities-adcd61bb0cdcd880:1"
            ],
            "logging_config": [
              {
                "application_log_level": "",
                "log_format": "Text",
                "log_group": "/aws/lambda/nutria-compute-targets-adcd61bb0cdcd880",
                "system_log_level": ""
              }
            ],
            "memory_size": 256,
            "package_type": "Zip",
            "publish": false,
            "qualified_arn": "arn:aws:lambda:eu-west-1:539247448895:function:nutria-compute-targets-adcd61bb0cdcd880:$LATEST",
            "qualified_invoke_arn": "arn:aws:apigateway:eu-west-1:lambda:path/2015-03-31/functions/arn:aws:lambda:eu-west-1:539247448895:function:nutria-compute-targets-adcd61bb0cdcd880:$LATEST/invocations",
            "replace_security_groups_on_destroy": null,
            "replacement_security_group_ids": null,
            "reserved_concurrent_executions": -1,
            "role": "arn:aws:iam::539247448895:role/nutria-lambda-execution-role-adcd61bb0cdcd880",
            "runtime": "python3.11",
            "s3_bucket": null,
            "s3_key": null,
            "s3_object_version": null,
            "signing_job_arn": "",
            "signing_profile_version_arn": "",
            "skip_destroy": false,
            "snap_start": [],
            "source_code_hash": "1Y+L37N9hxvpweatXMsIZ7sUKurxdWH9TfFDONuIrIM=",
            "source_code_size": 1641,
            "tags": {
              "Deployment": "layer",
              "Environment": "dev",
              "Name": "nutria-compute-targets"
            },
            "tags_all": {
              "Deployment": "layer",
              "Environment": "dev",
              "ManagedBy": "terraform",
              "Name": "nutria-compute-targets",
              "Project": "nutria",
              "Region": "eu-west-1"
            },
            "timeout": 30,
            "timeouts": null,
            "tracing_config": [
              {
                "mode": "PassThrough"
              }
            ],
            "version": "$LATEST",
            "vpc_config": []
          },
          "sensitive_attributes": [],
          "identity_schema_version": 0,
          "private": "eyJlMmJmYjczMC1lY2FhLTExZTYtOGY4OC0zNDM2M2JjN2M0YzAiOnsiY3JlYXRlIjo2MDAwMDAwMDAwMDAsImRlbGV0ZSI6NjAwMDAwMDAwMDAwLCJ1cGRhdGUiOjYwMDAwMDAwMDAwMH19",
          "dependencies": [
            "aws_cloudwatch_log_group.compute_targets_logs",
            "aws_iam_role.lambda_execution_role",
            "aws_iam_role_policy_attachment.lambda_basic_execution",
            "aws_lambda_layer_version.targets_layer",
            "data.archive_file.targets_lambda_zip",
            "null_resource.create_dirs",
            "random_id.bucket_suffix"
          ],
          "create_before_destroy": true
        }
      ]
    },
    {
      "mode": "managed",
      "type": "aws_lambda_layer_version",
      "name": "targets_layer",
      "provider": "provider[\"registry.terraform.io/hashicorp/aws\"]",
      "instances": [
        {
          "schema_version": 0,
          "attributes": {
            "arn": "arn:aws:lambda:eu-west-1:539247448895:layer:nutria-targets-utilities-adcd61bb0cdcd880:1",
            "code_sha256": "pdP6Hj7oTQl5Hww2vAtlBST89dOLPZHXEnAyNe+Y2m8=",
            "compatible_architectures": [],
            "compatible_runtimes": [
              "python3.11"
            ],
            "created_date": "2025-07-19T04:47:10.556+0000",
            "description": "Basic nutrition calculation utilities for targets Lambda",
            "filename": "layers/targets_layer.zip",
            "id": "arn:aws:lambda:eu-west-1:539247448895:layer:nutria-targets-utilities-adcd61bb0cdcd880:1",
            "layer_arn": "arn:aws:lambda:eu-west-1:539247448895:layer:nutria-targets-utilities-adcd61bb0cdcd880",
            "layer_name": "nutria-targets-utilities-adcd61bb0cdcd880",
            "license_info": "",
            "s3_bucket": null,
            "s3_key": null,
            "s3_object_version": null,
            "signing_job_arn": "",
            "signing_profile_version_arn": "",
            "skip_destroy": false,
            "source_code_hash": "pdP6Hj7oTQl5Hww2vAtlBST89dOLPZHXEnAyNe+Y2m8=",
            "source_code_size": 1041,
            "version": "1"
          },
          "sensitive_attributes": [],
          "identity_schema_version": 0,
          "private": "bnVsbA==",
          "dependencies": [
            "random_id.bucket_suffix"
          ],
          "create_before_destroy": true
        }
      ]
    },
    {
      "mode": "managed",
      "type": "aws_lambda_permission",
      "name": "compute_targets_api_gw",
      "provider": "provider[\"registry.terraform.io/hashicorp/aws\"]",
      "instances": [
        {
          "schema_version": 0,
          "attributes": {
            "action": "lambda:InvokeFunction",
            "event_source_token": null,
            "function_name": "nutria-compute-targets-adcd61bb0cdcd880",
            "function_url_auth_type": null,
            "id": "AllowExecutionFromAPIGateway",
            "principal": "apigateway.amazonaws.com",
            "principal_org_id": null,
            "qualifier": "",
            "source_account": null,
            "source_arn": "arn:aws:execute-api:eu-west-1:539247448895:7968q3waxk/*/*",
            "statement_id": "AllowExecutionFromAPIGateway",
            "statement_id_prefix": ""
          },
          "sensitive_attributes": [],
          "identity_schema_version": 0,
          "private": "bnVsbA==",
          "dependencies": [
            "aws_api_gateway_rest_api.nutrition_api",
            "aws_cloudwatch_log_group.compute_targets_logs",
            "aws_iam_role.lambda_execution_role",
            "aws_iam_role_policy_attachment.lambda_basic_execution",
            "aws_lambda_function.compute_targets",
            "aws_lambda_layer_version.targets_layer",
            "data.archive_file.targets_lambda_zip",
            "null_resource.create_dirs",
            "random_id.bucket_suffix"
          ]
        }
      ]
    },
    {
      "mode": "managed",
      "type": "aws_lb",
      "name": "nutria_alb",
      "provider": "provider[\"registry.terraform.io/hashicorp/aws\"]",
      "instances": [
        {
          "schema_version": 0,
          "attributes": {
            "access_logs": [
              {
                "bucket": "",
                "enabled": false,
                "prefix": ""
              }
            ],
            "arn": "arn:aws:elasticloadbalancing:eu-west-1:539247448895:loadbalancer/app/nutria-alb-adcd61/57cab2e66365b6b3",
            "arn_suffix": "app/nutria-alb-adcd61/57cab2e66365b6b3",
            "client_keep_alive": 3600,
            "connection_logs": [
              {
                "bucket": "",
                "enabled": false,
                "prefix": ""
              }
            ],
            "customer_owned_ipv4_pool": "",
            "desync_mitigation_mode": "defensive",
            "dns_name": "nutria-alb-adcd61-970243738.eu-west-1.elb.amazonaws.com",
            "dns_record_client_routing_policy": null,
            "drop_invalid_header_fields": false,
            "enable_cross_zone_load_balancing": true,
            "enable_deletion_protection": false,
            "enable_http2": true,
            "enable_tls_version_and_cipher_suite_headers": false,
            "enable_waf_fail_open": false,
            "enable_xff_client_port": false,
            "enable_zonal_shift": false,
            "enforce_security_group_inbound_rules_on_private_link_traffic": "",
            "id": "arn:aws:elasticloadbalancing:eu-west-1:539247448895:loadbalancer/app/nutria-alb-adcd61/57cab2e66365b6b3",
            "idle_timeout": 60,
            "internal": false,
            "ip_address_type": "ipv4",
            "ipam_pools": [],
            "load_balancer_type": "application",
            "minimum_load_balancer_capacity": [],
            "name": "nutria-alb-adcd61",
            "name_prefix": "",
            "preserve_host_header": false,
            "security_groups": [
              "sg-0f1ac923426a024e9"
            ],
            "subnet_mapping": [
              {
                "allocation_id": "",
                "ipv6_address": "",
                "outpost_id": "",
                "private_ipv4_address": "",
                "subnet_id": "subnet-036c30ab0588dd8cc"
              },
              {
                "allocation_id": "",
                "ipv6_address": "",
                "outpost_id": "",
                "private_ipv4_address": "",
                "subnet_id": "subnet-0fe556eb7dfbc4d2d"
              }
            ],
            "subnets": [
              "subnet-036c30ab0588dd8cc",
              "subnet-0fe556eb7dfbc4d2d"
            ],
            "tags": {
              "Name": "nutria-alb"
            },
            "tags_all": {
              "Environment": "dev",
              "ManagedBy": "terraform",
              "Name": "nutria-alb",
              "Project": "nutria",
              "Region": "eu-west-1"
            },
            "timeouts": null,
            "vpc_id": "vpc-0cf55e4796f8a3b0e",
            "xff_header_processing_mode": "append",
            "zone_id": "Z32O12XQLNTSW2"
          },
          "sensitive_attributes": [],
          "identity_schema_version": 0,
          "private": "eyJlMmJmYjczMC1lY2FhLTExZTYtOGY4OC0zNDM2M2JjN2M0YzAiOnsiY3JlYXRlIjo2MDAwMDAwMDAwMDAsImRlbGV0ZSI6NjAwMDAwMDAwMDAwLCJ1cGRhdGUiOjYwMDAwMDAwMDAwMH19",
          "dependencies": [
            "aws_security_group.fargate_sg",
            "aws_subnet.public",
            "aws_vpc.nutria_vpc",
            "data.aws_availability_zones.available",
            "random_id.bucket_suffix"
          ],
          "create_before_destroy": true
        }
      ]
    },
    {
      "mode": "managed",
      "type": "aws_lb_listener",
      "name": "nutria_listener",
      "provider": "provider[\"registry.terraform.io/hashicorp/aws\"]",
      "instances": [
        {
          "schema_version": 0,
          "attributes": {
            "alpn_policy": null,
            "arn": "arn:aws:elasticloadbalancing:eu-west-1:539247448895:listener/app/nutria-alb-adcd61/57cab2e66365b6b3/7f21b2c8b2c1456f",
            "certificate_arn": null,
            "default_action": [
              {
                "authenticate_cognito": [],
                "authenticate_oidc": [],
                "fixed_response": [],
                "forward": [],
                "order": 1,
                "redirect": [],
                "target_group_arn": "arn:aws:elasticloadbalancing:eu-west-1:539247448895:targetgroup/nutria-tg-adcd61/7061cfb66c8e9a3d",
                "type": "forward"
              }
            ],
            "id": "arn:aws:elasticloadbalancing:eu-west-1:539247448895:listener/app/nutria-alb-adcd61/57cab2e66365b6b3/7f21b2c8b2c1456f",
            "load_balancer_arn": "arn:aws:elasticloadbalancing:eu-west-1:539247448895:loadbalancer/app/nutria-alb-adcd61/57cab2e66365b6b3",
            "mutual_authentication": [],
            "port": 80,
            "protocol": "HTTP",
            "routing_http_request_x_amzn_mtls_clientcert_header_name": null,
            "routing_http_request_x_amzn_mtls_clientcert_issuer_header_name": null,
            "routing_http_request_x_amzn_mtls_clientcert_leaf_header_name": null,
            "routing_http_request_x_amzn_mtls_clientcert_serial_number_header_name": null,
            "routing_http_request_x_amzn_mtls_clientcert_subject_header_name": null,
            "routing_http_request_x_amzn_mtls_clientcert_validity_header_name": null,
            "routing_http_request_x_amzn_tls_cipher_suite_header_name": null,
            "routing_http_request_x_amzn_tls_version_header_name": null,
            "routing_http_response_access_control_allow_credentials_header_value": "",
            "routing_http_response_access_control_allow_headers_header_value": "",
            "routing_http_response_access_control_allow_methods_header_value": "",
            "routing_http_response_access_control_allow_origin_header_value": "",
            "routing_http_response_access_control_expose_headers_header_value": "",
            "routing_http_response_access_control_max_age_header_value": "",
            "routing_http_response_content_security_policy_header_value": "",
            "routing_http_response_server_enabled": true,
            "routing_http_response_strict_transport_security_header_value": "",
            "routing_http_response_x_content_type_options_header_value": "",
            "routing_http_response_x_frame_options_header_value": "",
            "ssl_policy": "",
            "tags": null,
            "tags_all": {
              "Environment": "dev",
              "ManagedBy": "terraform",
              "Project": "nutria",
              "Region": "eu-west-1"
            },
            "tcp_idle_timeout_seconds": null,
            "timeouts": null
          },
          "sensitive_attributes": [],
          "identity_schema_version": 0,
          "private": "eyJlMmJmYjczMC1lY2FhLTExZTYtOGY4OC0zNDM2M2JjN2M0YzAiOnsiY3JlYXRlIjozMDAwMDAwMDAwMDAsInVwZGF0ZSI6MzAwMDAwMDAwMDAwfX0=",
          "dependencies": [
            "aws_lb.nutria_alb",
            "aws_lb_target_group.meal_optimizer_tg",
            "aws_security_group.fargate_sg",
            "aws_subnet.public",
            "aws_vpc.nutria_vpc",
            "data.aws_availability_zones.available",
            "random_id.bucket_suffix"
          ]
        }
      ]
    },
    {
      "mode": "managed",
      "type": "aws_lb_target_group",
      "name": "meal_optimizer_tg",
      "provider": "provider[\"registry.terraform.io/hashicorp/aws\"]",
      "instances": [
        {
          "schema_version": 0,
          "attributes": {
            "arn": "arn:aws:elasticloadbalancing:eu-west-1:539247448895:targetgroup/nutria-tg-adcd61/7061cfb66c8e9a3d",
            "arn_suffix": "targetgroup/nutria-tg-adcd61/7061cfb66c8e9a3d",
            "connection_termination": null,
            "deregistration_delay": "300",
            "health_check": [
              {
                "enabled": true,
                "healthy_threshold": 2,
                "interval": 30,
                "matcher": "200",
                "path": "/health",
                "port": "traffic-port",
                "protocol": "HTTP",
                "timeout": 10,
                "unhealthy_threshold": 2
              }
            ],
            "id": "arn:aws:elasticloadbalancing:eu-west-1:539247448895:targetgroup/nutria-tg-adcd61/7061cfb66c8e9a3d",
            "ip_address_type": "ipv4",
            "lambda_multi_value_headers_enabled": false,
            "load_balancer_arns": [],
            "load_balancing_algorithm_type": "round_robin",
            "load_balancing_anomaly_mitigation": "off",
            "load_balancing_cross_zone_enabled": "use_load_balancer_configuration",
            "name": "nutria-tg-adcd61",
            "name_prefix": "",
            "port": 8080,
            "preserve_client_ip": null,
            "protocol": "HTTP",
            "protocol_version": "HTTP1",
            "proxy_protocol_v2": false,
            "slow_start": 0,
            "stickiness": [
              {
                "cookie_duration": 86400,
                "cookie_name": "",
                "enabled": false,
                "type": "lb_cookie"
              }
            ],
            "tags": {
              "Name": "nutria-target-group"
            },
            "tags_all": {
              "Environment": "dev",
              "ManagedBy": "terraform",
              "Name": "nutria-target-group",
              "Project": "nutria",
              "Region": "eu-west-1"
            },
            "target_failover": [
              {
                "on_deregistration": null,
                "on_unhealthy": null
              }
            ],
            "target_group_health": [
              {
                "dns_failover": [
                  {
                    "minimum_healthy_targets_count": "1",
                    "minimum_healthy_targets_percentage": "off"
                  }
                ],
                "unhealthy_state_routing": [
                  {
                    "minimum_healthy_targets_count": 1,
                    "minimum_healthy_targets_percentage": "off"
                  }
                ]
              }
            ],
            "target_health_state": [
              {
                "enable_unhealthy_connection_termination": null,
                "unhealthy_draining_interval": null
              }
            ],
            "target_type": "ip",
            "vpc_id": "vpc-0cf55e4796f8a3b0e"
          },
          "sensitive_attributes": [],
          "identity_schema_version": 0,
          "private": "bnVsbA==",
          "dependencies": [
            "aws_vpc.nutria_vpc",
            "random_id.bucket_suffix"
          ]
        }
      ]
    },
    {
      "mode": "managed",
      "type": "aws_route_table",
      "name": "public",
      "provider": "provider[\"registry.terraform.io/hashicorp/aws\"]",
      "instances": [
        {
          "schema_version": 0,
          "attributes": {
            "arn": "arn:aws:ec2:eu-west-1:539247448895:route-table/rtb-0a8dfffe6e93df829",
            "id": "rtb-0a8dfffe6e93df829",
            "owner_id": "539247448895",
            "propagating_vgws": [],
            "route": [
              {
                "carrier_gateway_id": "",
                "cidr_block": "0.0.0.0/0",
                "core_network_arn": "",
                "destination_prefix_list_id": "",
                "egress_only_gateway_id": "",
                "gateway_id": "igw-07fdd0f72c0d5ff75",
                "ipv6_cidr_block": "",
                "local_gateway_id": "",
                "nat_gateway_id": "",
                "network_interface_id": "",
                "transit_gateway_id": "",
                "vpc_endpoint_id": "",
                "vpc_peering_connection_id": ""
              }
            ],
            "tags": {
              "Name": "nutria-public-rt"
            },
            "tags_all": {
              "Environment": "dev",
              "ManagedBy": "terraform",
              "Name": "nutria-public-rt",
              "Project": "nutria",
              "Region": "eu-west-1"
            },
            "timeouts": null,
            "vpc_id": "vpc-0cf55e4796f8a3b0e"
          },
          "sensitive_attributes": [],
          "identity_schema_version": 0,
          "private": "eyJlMmJmYjczMC1lY2FhLTExZTYtOGY4OC0zNDM2M2JjN2M0YzAiOnsiY3JlYXRlIjozMDAwMDAwMDAwMDAsImRlbGV0ZSI6MzAwMDAwMDAwMDAwLCJ1cGRhdGUiOjEyMDAwMDAwMDAwMH19",
          "dependencies": [
            "aws_internet_gateway.nutria_igw",
            "aws_vpc.nutria_vpc"
          ]
        }
      ]
    },
    {
      "mode": "managed",
      "type": "aws_route_table_association",
      "name": "public",
      "provider": "provider[\"registry.terraform.io/hashicorp/aws\"]",
      "instances": [
        {
          "index_key": 0,
          "schema_version": 0,
          "attributes": {
            "gateway_id": "",
            "id": "rtbassoc-01208df50a1a72e11",
            "route_table_id": "rtb-0a8dfffe6e93df829",
            "subnet_id": "subnet-0fe556eb7dfbc4d2d",
            "timeouts": null
          },
          "sensitive_attributes": [],
          "identity_schema_version": 0,
          "private": "eyJlMmJmYjczMC1lY2FhLTExZTYtOGY4OC0zNDM2M2JjN2M0YzAiOnsiY3JlYXRlIjozMDAwMDAwMDAwMDAsImRlbGV0ZSI6MzAwMDAwMDAwMDAwLCJ1cGRhdGUiOjEyMDAwMDAwMDAwMH19",
          "dependencies": [
            "aws_internet_gateway.nutria_igw",
            "aws_route_table.public",
            "aws_subnet.public",
            "aws_vpc.nutria_vpc",
            "data.aws_availability_zones.available"
          ]
        },
        {
          "index_key": 1,
          "schema_version": 0,
          "attributes": {
            "gateway_id": "",
            "id": "rtbassoc-0e07ea5c3bf72c8bf",
            "route_table_id": "rtb-0a8dfffe6e93df829",
            "subnet_id": "subnet-036c30ab0588dd8cc",
            "timeouts": null
          },
          "sensitive_attributes": [],
          "identity_schema_version": 0,
          "private": "eyJlMmJmYjczMC1lY2FhLTExZTYtOGY4OC0zNDM2M2JjN2M0YzAiOnsiY3JlYXRlIjozMDAwMDAwMDAwMDAsImRlbGV0ZSI6MzAwMDAwMDAwMDAwLCJ1cGRhdGUiOjEyMDAwMDAwMDAwMH19",
          "dependencies": [
            "aws_internet_gateway.nutria_igw",
            "aws_route_table.public",
            "aws_subnet.public",
            "aws_vpc.nutria_vpc",
            "data.aws_availability_zones.available"
          ]
        }
      ]
    },
    {
      "mode": "managed",
      "type": "aws_s3_bucket",
      "name": "nutrition_data",
      "provider": "provider[\"registry.terraform.io/hashicorp/aws\"]",
      "instances": [
        {
          "schema_version": 0,
          "attributes": {
            "acceleration_status": "",
            "acl": null,
            "arn": "arn:aws:s3:::nutria-nutrition-data-dev-adcd61bb0cdcd880",
            "bucket": "nutria-nutrition-data-dev-adcd61bb0cdcd880",
            "bucket_domain_name": "nutria-nutrition-data-dev-adcd61bb0cdcd880.s3.amazonaws.com",
            "bucket_prefix": "",
            "bucket_regional_domain_name": "nutria-nutrition-data-dev-adcd61bb0cdcd880.s3.eu-west-1.amazonaws.com",
            "cors_rule": [],
            "force_destroy": false,
            "grant": [
              {
                "id": "12048577853e955c0f5f32a93b324276fe41884e8c9a18cd73504fe74ff3387c",
                "permissions": [
                  "FULL_CONTROL"
                ],
                "type": "CanonicalUser",
                "uri": ""
              }
            ],
            "hosted_zone_id": "Z1BKCTXD74EZPE",
            "id": "nutria-nutrition-data-dev-adcd61bb0cdcd880",
            "lifecycle_rule": [],
            "logging": [],
            "object_lock_configuration": [],
            "object_lock_enabled": false,
            "policy": "",
            "region": "eu-west-1",
            "replication_configuration": [],
            "request_payer": "BucketOwner",
            "server_side_encryption_configuration": [
              {
                "rule": [
                  {
                    "apply_server_side_encryption_by_default": [
                      {
                        "kms_master_key_id": "",
                        "sse_algorithm": "AES256"
                      }
                    ],
                    "bucket_key_enabled": false
                  }
                ]
              }
            ],
            "tags": {
              "Environment": "dev",
              "Name": "nutria-nutrition-data",
              "Project": "nutria",
              "Region": "eu-west-1"
            },
            "tags_all": {
              "Environment": "dev",
              "ManagedBy": "terraform",
              "Name": "nutria-nutrition-data",
              "Project": "nutria",
              "Region": "eu-west-1"
            },
            "timeouts": null,
            "versioning": [
              {
                "enabled": true,
                "mfa_delete": false
              }
            ],
            "website": [],
            "website_domain": null,
            "website_endpoint": null
          },
          "sensitive_attributes": [],
          "identity_schema_version": 0,
          "private": "eyJlMmJmYjczMC1lY2FhLTExZTYtOGY4OC0zNDM2M2JjN2M0YzAiOnsiY3JlYXRlIjoxMjAwMDAwMDAwMDAwLCJkZWxldGUiOjM2MDAwMDAwMDAwMDAsInJlYWQiOjEyMDAwMDAwMDAwMDAsInVwZGF0ZSI6MTIwMDAwMDAwMDAwMH19",
          "dependencies": [
            "random_id.bucket_suffix"
          ]
        }
      ]
    },
    {
      "mode": "managed",
      "type": "aws_s3_bucket_public_access_block",
      "name": "nutrition_data_pab",
      "provider": "provider[\"registry.terraform.io/hashicorp/aws\"]",
      "instances": [
        {
          "schema_version": 0,
          "attributes": {
            "block_public_acls": true,
            "block_public_policy": true,
            "bucket": "nutria-nutrition-data-dev-adcd61bb0cdcd880",
            "id": "nutria-nutrition-data-dev-adcd61bb0cdcd880",
            "ignore_public_acls": true,
            "restrict_public_buckets": true
          },
          "sensitive_attributes": [],
          "identity_schema_version": 0,
          "private": "bnVsbA==",
          "dependencies": [
            "aws_s3_bucket.nutrition_data",
            "random_id.bucket_suffix"
          ]
        }
      ]
    },
    {
      "mode": "managed",
      "type": "aws_s3_bucket_server_side_encryption_configuration",
      "name": "nutrition_data_encryption",
      "provider": "provider[\"registry.terraform.io/hashicorp/aws\"]",
      "instances": [
        {
          "schema_version": 0,
          "attributes": {
            "bucket": "nutria-nutrition-data-dev-adcd61bb0cdcd880",
            "expected_bucket_owner": "",
            "id": "nutria-nutrition-data-dev-adcd61bb0cdcd880",
            "rule": [
              {
                "apply_server_side_encryption_by_default": [
                  {
                    "kms_master_key_id": "",
                    "sse_algorithm": "AES256"
                  }
                ],
                "bucket_key_enabled": false
              }
            ]
          },
          "sensitive_attributes": [],
          "identity_schema_version": 0,
          "private": "bnVsbA==",
          "dependencies": [
            "aws_s3_bucket.nutrition_data",
            "random_id.bucket_suffix"
          ]
        }
      ]
    },
    {
      "mode": "managed",
      "type": "aws_s3_bucket_versioning",
      "name": "nutrition_data_versioning",
      "provider": "provider[\"registry.terraform.io/hashicorp/aws\"]",
      "instances": [
        {
          "schema_version": 0,
          "attributes": {
            "bucket": "nutria-nutrition-data-dev-adcd61bb0cdcd880",
            "expected_bucket_owner": "",
            "id": "nutria-nutrition-data-dev-adcd61bb0cdcd880",
            "mfa": null,
            "versioning_configuration": [
              {
                "mfa_delete": "",
                "status": "Enabled"
              }
            ]
          },
          "sensitive_attributes": [],
          "identity_schema_version": 0,
          "private": "bnVsbA==",
          "dependencies": [
            "aws_s3_bucket.nutrition_data",
            "random_id.bucket_suffix"
          ]
        }
      ]
    },
    {
      "mode": "managed",
      "type": "aws_s3_object",
      "name": "products_csv",
      "provider": "provider[\"registry.terraform.io/hashicorp/aws\"]",
      "instances": [
        {
          "schema_version": 0,
          "attributes": {
            "acl": null,
            "arn": "arn:aws:s3:::nutria-nutrition-data-dev-adcd61bb0cdcd880/data/products_names_with_macro_nutriments.csv",
            "bucket": "nutria-nutrition-data-dev-adcd61bb0cdcd880",
            "bucket_key_enabled": false,
            "cache_control": "",
            "checksum_algorithm": null,
            "checksum_crc32": "",
            "checksum_crc32c": "",
            "checksum_crc64nvme": "",
            "checksum_sha1": "",
            "checksum_sha256": "",
            "content": null,
            "content_base64": null,
            "content_disposition": "",
            "content_encoding": "",
            "content_language": "",
            "content_type": "binary/octet-stream",
            "etag": "6c5cd2b7a3b52cb1cca42113b9eada79-11",
            "force_destroy": false,
            "id": "data/products_names_with_macro_nutriments.csv",
            "key": "data/products_names_with_macro_nutriments.csv",
            "kms_key_id": null,
            "metadata": {},
            "object_lock_legal_hold_status": "",
            "object_lock_mode": "",
            "object_lock_retain_until_date": "",
            "override_provider": [],
            "server_side_encryption": "AES256",
            "source": "/home/torel/IdeaProjects/NutriaIngestionAndSolver/data_prep/data/products_names_with_macro_nutriments(in).csv",
            "source_hash": null,
            "storage_class": "STANDARD",
            "tags": {
              "Environment": "dev",
              "Name": "nutrition-products-data"
            },
            "tags_all": {
              "Environment": "dev",
              "ManagedBy": "terraform",
              "Name": "nutrition-products-data",
              "Project": "nutria",
              "Region": "eu-west-1"
            },
            "version_id": "NOtN9UcOhAHysXSamIjG4XU3x26u3yeT",
            "website_redirect": ""
          },
          "sensitive_attributes": [],
          "identity_schema_version": 0,
          "private": "bnVsbA==",
          "dependencies": [
            "aws_s3_bucket.nutrition_data",
            "aws_s3_bucket_versioning.nutrition_data_versioning",
            "random_id.bucket_suffix"
          ]
        }
      ]
    },
    {
      "mode": "managed",
      "type": "aws_security_group",
      "name": "fargate_sg",
      "provider": "provider[\"registry.terraform.io/hashicorp/aws\"]",
      "instances": [
        {
          "schema_version": 1,
          "attributes": {
            "arn": "arn:aws:ec2:eu-west-1:539247448895:security-group/sg-0f1ac923426a024e9",
            "description": "Managed by Terraform",
            "egress": [
              {
                "cidr_blocks": [
                  "0.0.0.0/0"
                ],
                "description": "",
                "from_port": 0,
                "ipv6_cidr_blocks": [],
                "prefix_list_ids": [],
                "protocol": "-1",
                "security_groups": [],
                "self": false,
                "to_port": 0
              }
            ],
            "id": "sg-0f1ac923426a024e9",
            "ingress": [
              {
                "cidr_blocks": [
                  "0.0.0.0/0"
                ],
                "description": "",
                "from_port": 8080,
                "ipv6_cidr_blocks": [],
                "prefix_list_ids": [],
                "protocol": "tcp",
                "security_groups": [],
                "self": false,
                "to_port": 8080
              }
            ],
            "name": "nutria-fargate-20250719055940513700000002",
            "name_prefix": "nutria-fargate-",
            "owner_id": "539247448895",
            "revoke_rules_on_delete": false,
            "tags": {
              "Name": "nutria-fargate-sg"
            },
            "tags_all": {
              "Environment": "dev",
              "ManagedBy": "terraform",
              "Name": "nutria-fargate-sg",
              "Project": "nutria",
              "Region": "eu-west-1"
            },
            "timeouts": null,
            "vpc_id": "vpc-0cf55e4796f8a3b0e"
          },
          "sensitive_attributes": [],
          "identity_schema_version": 0,
          "private": "eyJlMmJmYjczMC1lY2FhLTExZTYtOGY4OC0zNDM2M2JjN2M0YzAiOnsiY3JlYXRlIjo2MDAwMDAwMDAwMDAsImRlbGV0ZSI6OTAwMDAwMDAwMDAwfSwic2NoZW1hX3ZlcnNpb24iOiIxIn0=",
          "dependencies": [
            "aws_vpc.nutria_vpc"
          ],
          "create_before_destroy": true
        }
      ]
    },
    {
      "mode": "managed",
      "type": "aws_subnet",
      "name": "public",
      "provider": "provider[\"registry.terraform.io/hashicorp/aws\"]",
      "instances": [
        {
          "index_key": 0,
          "schema_version": 1,
          "attributes": {
            "arn": "arn:aws:ec2:eu-west-1:539247448895:subnet/subnet-0fe556eb7dfbc4d2d",
            "assign_ipv6_address_on_creation": false,
            "availability_zone": "eu-west-1a",
            "availability_zone_id": "euw1-az3",
            "cidr_block": "10.0.1.0/24",
            "customer_owned_ipv4_pool": "",
            "enable_dns64": false,
            "enable_lni_at_device_index": 0,
            "enable_resource_name_dns_a_record_on_launch": false,
            "enable_resource_name_dns_aaaa_record_on_launch": false,
            "id": "subnet-0fe556eb7dfbc4d2d",
            "ipv6_cidr_block": "",
            "ipv6_cidr_block_association_id": "",
            "ipv6_native": false,
            "map_customer_owned_ip_on_launch": false,
            "map_public_ip_on_launch": true,
            "outpost_arn": "",
            "owner_id": "539247448895",
            "private_dns_hostname_type_on_launch": "ip-name",
            "tags": {
              "Name": "nutria-public-subnet-1"
            },
            "tags_all": {
              "Environment": "dev",
              "ManagedBy": "terraform",
              "Name": "nutria-public-subnet-1",
              "Project": "nutria",
              "Region": "eu-west-1"
            },
            "timeouts": null,
            "vpc_id": "vpc-0cf55e4796f8a3b0e"
          },
          "sensitive_attributes": [],
          "identity_schema_version": 0,
          "private": "eyJlMmJmYjczMC1lY2FhLTExZTYtOGY4OC0zNDM2M2JjN2M0YzAiOnsiY3JlYXRlIjo2MDAwMDAwMDAwMDAsImRlbGV0ZSI6MTIwMDAwMDAwMDAwMH0sInNjaGVtYV92ZXJzaW9uIjoiMSJ9",
          "dependencies": [
            "aws_vpc.nutria_vpc",
            "data.aws_availability_zones.available"
          ],
          "create_before_destroy": true
        },
        {
          "index_key": 1,
          "schema_version": 1,
          "attributes": {
            "arn": "arn:aws:ec2:eu-west-1:539247448895:subnet/subnet-036c30ab0588dd8cc",
            "assign_ipv6_address_on_creation": false,
            "availability_zone": "eu-west-1b",
            "availability_zone_id": "euw1-az1",
            "cidr_block": "10.0.2.0/24",
            "customer_owned_ipv4_pool": "",
            "enable_dns64": false,
            "enable_lni_at_device_index": 0,
            "enable_resource_name_dns_a_record_on_launch": false,
            "enable_resource_name_dns_aaaa_record_on_launch": false,
            "id": "subnet-036c30ab0588dd8cc",
            "ipv6_cidr_block": "",
            "ipv6_cidr_block_association_id": "",
            "ipv6_native": false,
            "map_customer_owned_ip_on_launch": false,
            "map_public_ip_on_launch": true,
            "outpost_arn": "",
            "owner_id": "539247448895",
            "private_dns_hostname_type_on_launch": "ip-name",
            "tags": {
              "Name": "nutria-public-subnet-2"
            },
            "tags_all": {
              "Environment": "dev",
              "ManagedBy": "terraform",
              "Name": "nutria-public-subnet-2",
              "Project": "nutria",
              "Region": "eu-west-1"
            },
            "timeouts": null,
            "vpc_id": "vpc-0cf55e4796f8a3b0e"
          },
          "sensitive_attributes": [],
          "identity_schema_version": 0,
          "private": "eyJlMmJmYjczMC1lY2FhLTExZTYtOGY4OC0zNDM2M2JjN2M0YzAiOnsiY3JlYXRlIjo2MDAwMDAwMDAwMDAsImRlbGV0ZSI6MTIwMDAwMDAwMDAwMH0sInNjaGVtYV92ZXJzaW9uIjoiMSJ9",
          "dependencies": [
            "aws_vpc.nutria_vpc",
            "data.aws_availability_zones.available"
          ],
          "create_before_destroy": true
        }
      ]
    },
    {
      "mode": "managed",
      "type": "aws_vpc",
      "name": "nutria_vpc",
      "provider": "provider[\"registry.terraform.io/hashicorp/aws\"]",
      "instances": [
        {
          "schema_version": 1,
          "attributes": {
            "arn": "arn:aws:ec2:eu-west-1:539247448895:vpc/vpc-0cf55e4796f8a3b0e",
            "assign_generated_ipv6_cidr_block": false,
            "cidr_block": "10.0.0.0/16",
            "default_network_acl_id": "acl-083b3bb0929b5e7ec",
            "default_route_table_id": "rtb-0dbbdbcbda9b07df6",
            "default_security_group_id": "sg-03945b6e271c85cbc",
            "dhcp_options_id": "dopt-0ed39596afc149750",
            "enable_dns_hostnames": true,
            "enable_dns_support": true,
            "enable_network_address_usage_metrics": false,
            "id": "vpc-0cf55e4796f8a3b0e",
            "instance_tenancy": "default",
            "ipv4_ipam_pool_id": null,
            "ipv4_netmask_length": null,
            "ipv6_association_id": "",
            "ipv6_cidr_block": "",
            "ipv6_cidr_block_network_border_group": "",
            "ipv6_ipam_pool_id": "",
            "ipv6_netmask_length": 0,
            "main_route_table_id": "rtb-0dbbdbcbda9b07df6",
            "owner_id": "539247448895",
            "tags": {
              "Name": "nutria-vpc"
            },
            "tags_all": {
              "Environment": "dev",
              "ManagedBy": "terraform",
              "Name": "nutria-vpc",
              "Project": "nutria",
              "Region": "eu-west-1"
            }
          },
          "sensitive_attributes": [],
          "identity_schema_version": 0,
          "private": "eyJzY2hlbWFfdmVyc2lvbiI6IjEifQ==",
          "create_before_destroy": true
        }
      ]
    },
    {
      "mode": "managed",
      "type": "null_resource",
      "name": "create_dirs",
      "provider": "provider[\"registry.terraform.io/hashicorp/null\"]",
      "instances": [
        {
          "schema_version": 0,
          "attributes": {
            "id": "2109497737575717198",
            "triggers": null
          },
          "sensitive_attributes": [],
          "identity_schema_version": 0,
          "create_before_destroy": true
        }
      ]
    },
    {
      "mode": "managed",
      "type": "random_id",
      "name": "bucket_suffix",
      "provider": "provider[\"registry.terraform.io/hashicorp/random\"]",
      "instances": [
        {
          "schema_version": 0,
          "attributes": {
            "b64_std": "rc1huwzc2IA=",
            "b64_url": "rc1huwzc2IA",
            "byte_length": 8,
            "dec": "12523773594789795968",
            "hex": "adcd61bb0cdcd880",
            "id": "rc1huwzc2IA",
            "keepers": null,
            "prefix": null
          },
          "sensitive_attributes": [],
          "identity_schema_version": 0,
          "create_before_destroy": true
        }
      ]
    }
  ],
  "check_results": null
}
